
Microsoft Visual Studio Solution File, Format Version 12.00
# Visual Studio Version 17
VisualStudioVersion = 17.3.32901.215
MinimumVisualStudioVersion = 10.0.40219.1
Project("{FAE04EC0-301F-11D3-BF4B-00C04F79EFBC}") = "VowelAndConsonent", "VowelAndConsonent\VowelAndConsonent.csproj", "{976F7081-FC03-43AF-905A-713580B9F53B}"
EndProject
Global
	GlobalSection(SolutionConfigurationPlatforms) = preSolution
		Debug|Any CPU = Debug|Any CPU
		Release|Any CPU = Release|Any CPU
	EndGlobalSection
	GlobalSection(ProjectConfigurationPlatforms) = postSolution
		{976F7081-FC03-43AF-905A-713580B9F53B}.Debug|Any CPU.ActiveCfg = Debug|Any CPU
		{976F7081-FC03-43AF-905A-713580B9F53B}.Debug|Any CPU.Build.0 = Debug|Any CPU
		{976F7081-FC03-43AF-905A-713580B9F53B}.Release|Any CPU.ActiveCfg = Release|Any CPU
		{976F7081-FC03-43AF-905A-713580B9F53B}.Release|Any CPU.Build.0 = Release|Any CPU
	EndGlobalSection
	GlobalSection(SolutionProperties) = preSolution
		HideSolutionNode = FALSE
	EndGlobalSection
	GlobalSection(ExtensibilityGlobals) = postSolution
		SolutionGuid = {3CE56772-2437-4432-A953-02B5F0398E76}
	EndGlobalSection
EndGlobal
