
Microsoft Visual Studio Solution File, Format Version 12.00
# Visual Studio Version 17
VisualStudioVersion = 17.3.32901.215
MinimumVisualStudioVersion = 10.0.40219.1
Project("{FAE04EC0-301F-11D3-BF4B-00C04F79EFBC}") = "Unique_characters_of_a_string", "Unique_characters_of_a_string\Unique_characters_of_a_string.csproj", "{28B10B71-9288-419E-B87E-7063E03FA738}"
EndProject
Global
	GlobalSection(SolutionConfigurationPlatforms) = preSolution
		Debug|Any CPU = Debug|Any CPU
		Release|Any CPU = Release|Any CPU
	EndGlobalSection
	GlobalSection(ProjectConfigurationPlatforms) = postSolution
		{28B10B71-9288-419E-B87E-7063E03FA738}.Debug|Any CPU.ActiveCfg = Debug|Any CPU
		{28B10B71-9288-419E-B87E-7063E03FA738}.Debug|Any CPU.Build.0 = Debug|Any CPU
		{28B10B71-9288-419E-B87E-7063E03FA738}.Release|Any CPU.ActiveCfg = Release|Any CPU
		{28B10B71-9288-419E-B87E-7063E03FA738}.Release|Any CPU.Build.0 = Release|Any CPU
	EndGlobalSection
	GlobalSection(SolutionProperties) = preSolution
		HideSolutionNode = FALSE
	EndGlobalSection
	GlobalSection(ExtensibilityGlobals) = postSolution
		SolutionGuid = {C59255CE-D48F-4AC6-B3E0-092772E3CD48}
	EndGlobalSection
EndGlobal
